
Microsoft Visual Studio Solution File, Format Version 12.00
# Visual Studio Version 17
VisualStudioVersion = 17.0.31606.5
MinimumVisualStudioVersion = 10.0.40219.1
Project("{FAE04EC0-301F-11D3-BF4B-00C04F79EFBC}") = "WorkerService1", "WorkerService1.csproj", "{09D95558-126B-4BA2-8754-32198411623D}"
EndProject
Global
	GlobalSection(SolutionConfigurationPlatforms) = preSolution
		Debug|Any CPU = Debug|Any CPU
		Release|Any CPU = Release|Any CPU
	EndGlobalSection
	GlobalSection(ProjectConfigurationPlatforms) = postSolution
		{09D95558-126B-4BA2-8754-32198411623D}.Debug|Any CPU.ActiveCfg = Debug|Any CPU
		{09D95558-126B-4BA2-8754-32198411623D}.Debug|Any CPU.Build.0 = Debug|Any CPU
		{09D95558-126B-4BA2-8754-32198411623D}.Release|Any CPU.ActiveCfg = Release|Any CPU
		{09D95558-126B-4BA2-8754-32198411623D}.Release|Any CPU.Build.0 = Release|Any CPU
	EndGlobalSection
	GlobalSection(SolutionProperties) = preSolution
		HideSolutionNode = FALSE
	EndGlobalSection
	GlobalSection(ExtensibilityGlobals) = postSolution
		SolutionGuid = {F2DC7B0F-DED7-4F6C-9D30-7A2E9363302C}
	EndGlobalSection
EndGlobal
